// !$*UTF8*$!
{
	archiveVersion = 1;
	classes = {
	};
	objectVersion = 50;
	objects = {

/* Begin PBXBuildFile section */
		EFBDE9DE26C3C54600EA9EF4 /* AppDelegate.swift in Sources */ = {isa = PBXBuildFile; fileRef = EFBDE9DD26C3C54600EA9EF4 /* AppDelegate.swift */; };
		EFBDE9E026C3C54600EA9EF4 /* SceneDelegate.swift in Sources */ = {isa = PBXBuildFile; fileRef = EFBDE9DF26C3C54600EA9EF4 /* SceneDelegate.swift */; };
		EFBDE9E226C3C54600EA9EF4 /* ContentView.swift in Sources */ = {isa = PBXBuildFile; fileRef = EFBDE9E126C3C54600EA9EF4 /* ContentView.swift */; };
		EFBDE9E426C3C54700EA9EF4 /* Assets.xcassets in Resources */ = {isa = PBXBuildFile; fileRef = EFBDE9E326C3C54700EA9EF4 /* Assets.xcassets */; };
		EFBDE9E726C3C54700EA9EF4 /* Preview Assets.xcassets in Resources */ = {isa = PBXBuildFile; fileRef = EFBDE9E626C3C54700EA9EF4 /* Preview Assets.xcassets */; };
		EFBDE9EA26C3C54700EA9EF4 /* LaunchScreen.storyboard in Resources */ = {isa = PBXBuildFile; fileRef = EFBDE9E826C3C54700EA9EF4 /* LaunchScreen.storyboard */; };
		EFBDE9F426C3D84D00EA9EF4 /* NetworkManager.swift in Sources */ = {isa = PBXBuildFile; fileRef = EFBDE9F326C3D84D00EA9EF4 /* NetworkManager.swift */; };
		EFBDE9F826C3DA6900EA9EF4 /* PostData.swift in Sources */ = {isa = PBXBuildFile; fileRef = EFBDE9F726C3DA6900EA9EF4 /* PostData.swift */; };
/* End PBXBuildFile section */

/* Begin PBXFileReference section */
		EFBDE9DA26C3C54600EA9EF4 /* H4XOR News.app */ = {isa = PBXFileReference; explicitFileType = wrapper.application; includeInIndex = 0; path = "H4XOR News.app"; sourceTree = BUILT_PRODUCTS_DIR; };
		EFBDE9DD26C3C54600EA9EF4 /* AppDelegate.swift */ = {isa = PBXFileReference; lastKnownFileType = sourcecode.swift; path = AppDelegate.swift; sourceTree = "<group>"; };
		EFBDE9DF26C3C54600EA9EF4 /* SceneDelegate.swift */ = {isa = PBXFileReference; lastKnownFileType = sourcecode.swift; path = SceneDelegate.swift; sourceTree = "<group>"; };
		EFBDE9E126C3C54600EA9EF4 /* ContentView.swift */ = {isa = PBXFileReference; lastKnownFileType = sourcecode.swift; path = ContentView.swift; sourceTree = "<group>"; };
		EFBDE9E326C3C54700EA9EF4 /* Assets.xcassets */ = {isa = PBXFileReference; lastKnownFileType = folder.assetcatalog; path = Assets.xcassets; sourceTree = "<group>"; };
		EFBDE9E626C3C54700EA9EF4 /* Preview Assets.xcassets */ = {isa = PBXFileReference; lastKnownFileType = folder.assetcatalog; path = "Preview Assets.xcassets"; sourceTree = "<group>"; };
		EFBDE9E926C3C54700EA9EF4 /* Base */ = {isa = PBXFileReference; lastKnownFileType = file.storyboard; name = Base; path = Base.lproj/LaunchScreen.storyboard; sourceTree = "<group>"; };
		EFBDE9EB26C3C54700EA9EF4 /* Info.plist */ = {isa = PBXFileReference; lastKnownFileType = text.plist.xml; path = Info.plist; sourceTree = "<group>"; };
		EFBDE9F326C3D84D00EA9EF4 /* NetworkManager.swift */ = {isa = PBXFileReference; lastKnownFileType = sourcecode.swift; path = NetworkManager.swift; sourceTree = "<group>"; };
		EFBDE9F726C3DA6900EA9EF4 /* PostData.swift */ = {isa = PBXFileReference; lastKnownFileType = sourcecode.swift; path = PostData.swift; sourceTree = "<group>"; };
/* End PBXFileReference section */

/* Begin PBXFrameworksBuildPhase section */
		EFBDE9D726C3C54600EA9EF4 /* Frameworks */ = {
			isa = PBXFrameworksBuildPhase;
			buildActionMask = 2147483647;
			files = (
			);
			runOnlyForDeploymentPostprocessing = 0;
		};
/* End PBXFrameworksBuildPhase section */

/* Begin PBXGroup section */
		EFBDE9D126C3C54600EA9EF4 = {
			isa = PBXGroup;
			children = (
				EFBDE9DC26C3C54600EA9EF4 /* H4XOR News */,
				EFBDE9DB26C3C54600EA9EF4 /* Products */,
			);
			sourceTree = "<group>";
		};
		EFBDE9DB26C3C54600EA9EF4 /* Products */ = {
			isa = PBXGroup;
			children = (
				EFBDE9DA26C3C54600EA9EF4 /* H4XOR News.app */,
			);
			name = Products;
			sourceTree = "<group>";
		};
		EFBDE9DC26C3C54600EA9EF4 /* H4XOR News */ = {
			isa = PBXGroup;
			children = (
				EFBDE9DD26C3C54600EA9EF4 /* AppDelegate.swift */,
				EFBDE9DF26C3C54600EA9EF4 /* SceneDelegate.swift */,
				EFBDE9E126C3C54600EA9EF4 /* ContentView.swift */,
				EFBDE9F226C3D82C00EA9EF4 /* Models */,
				EFBDE9E326C3C54700EA9EF4 /* Assets.xcassets */,
				EFBDE9E826C3C54700EA9EF4 /* LaunchScreen.storyboard */,
				EFBDE9EB26C3C54700EA9EF4 /* Info.plist */,
				EFBDE9E526C3C54700EA9EF4 /* Preview Content */,
			);
			path = "H4XOR News";
			sourceTree = "<group>";
		};
		EFBDE9E526C3C54700EA9EF4 /* Preview Content */ = {
			isa = PBXGroup;
			children = (
				EFBDE9E626C3C54700EA9EF4 /* Preview Assets.xcassets */,
			);
			path = "Preview Content";
			sourceTree = "<group>";
		};
		EFBDE9F226C3D82C00EA9EF4 /* Models */ = {
			isa = PBXGroup;
			children = (
				EFBDE9F326C3D84D00EA9EF4 /* NetworkManager.swift */,
				EFBDE9F726C3DA6900EA9EF4 /* PostData.swift */,
			);
			path = Models;
			sourceTree = "<group>";
		};
/* End PBXGroup section */

/* Begin PBXNativeTarget section */
		EFBDE9D926C3C54600EA9EF4 /* H4XOR News */ = {
			isa = PBXNativeTarget;
			buildConfigurationList = EFBDE9EE26C3C54700EA9EF4 /* Build configuration list for PBXNativeTarget "H4XOR News" */;
			buildPhases = (
				EFBDE9D626C3C54600EA9EF4 /* Sources */,
				EFBDE9D726C3C54600EA9EF4 /* Frameworks */,
				EFBDE9D826C3C54600EA9EF4 /* Resources */,
			);
			buildRules = (
			);
			dependencies = (
			);
			name = "H4XOR News";
			productName = "H4XOR News";
			productReference = EFBDE9DA26C3C54600EA9EF4 /* H4XOR News.app */;
			productType = "com.apple.product-type.application";
		};
/* End PBXNativeTarget section */

/* Begin PBXProject section */
		EFBDE9D226C3C54600EA9EF4 /* Project object */ = {
			isa = PBXProject;
			attributes = {
				LastSwiftUpdateCheck = 1240;
				LastUpgradeCheck = 1240;
				TargetAttributes = {
					EFBDE9D926C3C54600EA9EF4 = {
						CreatedOnToolsVersion = 12.4;
					};
				};
			};
			buildConfigurationList = EFBDE9D526C3C54600EA9EF4 /* Build configuration list for PBXProject "H4XOR News" */;
			compatibilityVersion = "Xcode 9.3";
			developmentRegion = en;
			hasScannedForEncodings = 0;
			knownRegions = (
				en,
				Base,
			);
			mainGroup = EFBDE9D126C3C54600EA9EF4;
			productRefGroup = EFBDE9DB26C3C54600EA9EF4 /* Products */;
			projectDirPath = "";
			projectRoot = "";
			targets = (
				EFBDE9D926C3C54600EA9EF4 /* H4XOR News */,
			);
		};
/* End PBXProject section */

/* Begin PBXResourcesBuildPhase section */
		EFBDE9D826C3C54600EA9EF4 /* Resources */ = {
			isa = PBXResourcesBuildPhase;
			buildActionMask = 2147483647;
			files = (
				EFBDE9EA26C3C54700EA9EF4 /* LaunchScreen.storyboard in Resources */,
				EFBDE9E726C3C54700EA9EF4 /* Preview Assets.xcassets in Resources */,
				EFBDE9E426C3C54700EA9EF4 /* Assets.xcassets in Resources */,
			);
			runOnlyForDeploymentPostprocessing = 0;
		};
/* End PBXResourcesBuildPhase section */

/* Begin PBXSourcesBuildPhase section */
		EFBDE9D626C3C54600EA9EF4 /* Sources */ = {
			isa = PBXSourcesBuildPhase;
			buildActionMask = 2147483647;
			files = (
				EFBDE9F826C3DA6900EA9EF4 /* PostData.swift in Sources */,
				EFBDE9F426C3D84D00EA9EF4 /* NetworkManager.swift in Sources */,
				EFBDE9DE26C3C54600EA9EF4 /* AppDelegate.swift in Sources */,
				EFBDE9E026C3C54600EA9EF4 /* SceneDelegate.swift in Sources */,
				EFBDE9E226C3C54600EA9EF4 /* ContentView.swift in Sources */,
			);
			runOnlyForDeploymentPostprocessing = 0;
		};
/* End PBXSourcesBuildPhase section */

/* Begin PBXVariantGroup section */
		EFBDE9E826C3C54700EA9EF4 /* LaunchScreen.storyboard */ = {
			isa = PBXVariantGroup;
			children = (
				EFBDE9E926C3C54700EA9EF4 /* Base */,
			);
			name = LaunchScreen.storyboard;
			sourceTree = "<group>";
		};
/* End PBXVariantGroup section */

/* Begin XCBuildConfiguration section */
		EFBDE9EC26C3C54700EA9EF4 /* Debug */ = {
			isa = XCBuildConfiguration;
			buildSettings = {
				ALWAYS_SEARCH_USER_PATHS = NO;
				CLANG_ANALYZER_NONNULL = YES;
				CLANG_ANALYZER_NUMBER_OBJECT_CONVERSION = YES_AGGRESSIVE;
				CLANG_CXX_LANGUAGE_STANDARD = "gnu++14";
				CLANG_CXX_LIBRARY = "libc++";
				CLANG_ENABLE_MODULES = YES;
				CLANG_ENABLE_OBJC_ARC = YES;
				CLANG_ENABLE_OBJC_WEAK = YES;
				CLANG_WARN_BLOCK_CAPTURE_AUTORELEASING = YES;
				CLANG_WARN_BOOL_CONVERSION = YES;
				CLANG_WARN_COMMA = YES;
				CLANG_WARN_CONSTANT_CONVERSION = YES;
				CLANG_WARN_DEPRECATED_OBJC_IMPLEMENTATIONS = YES;
				CLANG_WARN_DIRECT_OBJC_ISA_USAGE = YES_ERROR;
				CLANG_WARN_DOCUMENTATION_COMMENTS = YES;
				CLANG_WARN_EMPTY_BODY = YES;
				CLANG_WARN_ENUM_CONVERSION = YES;
				CLANG_WARN_INFINITE_RECURSION = YES;
				CLANG_WARN_INT_CONVERSION = YES;
				CLANG_WARN_NON_LITERAL_NULL_CONVERSION = YES;
				CLANG_WARN_OBJC_IMPLICIT_RETAIN_SELF = YES;
				CLANG_WARN_OBJC_LITERAL_CONVERSION = YES;
				CLANG_WARN_OBJC_ROOT_CLASS = YES_ERROR;
				CLANG_WARN_QUOTED_INCLUDE_IN_FRAMEWORK_HEADER = YES;
				CLANG_WARN_RANGE_LOOP_ANALYSIS = YES;
				CLANG_WARN_STRICT_PROTOTYPES = YES;
				CLANG_WARN_SUSPICIOUS_MOVE = YES;
				CLANG_WARN_UNGUARDED_AVAILABILITY = YES_AGGRESSIVE;
				CLANG_WARN_UNREACHABLE_CODE = YES;
				CLANG_WARN__DUPLICATE_METHOD_MATCH = YES;
				COPY_PHASE_STRIP = NO;
				DEBUG_INFORMATION_FORMAT = dwarf;
				ENABLE_STRICT_OBJC_MSGSEND = YES;
				ENABLE_TESTABILITY = YES;
				GCC_C_LANGUAGE_STANDARD = gnu11;
				GCC_DYNAMIC_NO_PIC = NO;
				GCC_NO_COMMON_BLOCKS = YES;
				GCC_OPTIMIZATION_LEVEL = 0;
				GCC_PREPROCESSOR_DEFINITIONS = (
					"DEBUG=1",
					"$(inherited)",
				);
				GCC_WARN_64_TO_32_BIT_CONVERSION = YES;
				GCC_WARN_ABOUT_RETURN_TYPE = YES_ERROR;
				GCC_WARN_UNDECLARED_SELECTOR = YES;
				GCC_WARN_UNINITIALIZED_AUTOS = YES_AGGRESSIVE;
				GCC_WARN_UNUSED_FUNCTION = YES;
				GCC_WARN_UNUSED_VARIABLE = YES;
				IPHONEOS_DEPLOYMENT_TARGET = 14.4;
				MTL_ENABLE_DEBUG_INFO = INCLUDE_SOURCE;
				MTL_FAST_MATH = YES;
				ONLY_ACTIVE_ARCH = YES;
				SDKROOT = iphoneos;
				SWIFT_ACTIVE_COMPILATION_CONDITIONS = DEBUG;
				SWIFT_OPTIMIZATION_LEVEL = "-Onone";
			};
			name = Debug;
		};
		EFBDE9ED26C3C54700EA9EF4 /* Release */ = {
			isa = XCBuildConfiguration;
			buildSettings = {
				ALWAYS_SEARCH_USER_PATHS = NO;
				CLANG_ANALYZER_NONNULL = YES;
				CLANG_ANALYZER_NUMBER_OBJECT_CONVERSION = YES_AGGRESSIVE;
				CLANG_CXX_LANGUAGE_STANDARD = "gnu++14";
				CLANG_CXX_LIBRARY = "libc++";
				CLANG_ENABLE_MODULES = YES;
				CLANG_ENABLE_OBJC_ARC = YES;
				CLANG_ENABLE_OBJC_WEAK = YES;
				CLANG_WARN_BLOCK_CAPTURE_AUTORELEASING = YES;
				CLANG_WARN_BOOL_CONVERSION = YES;
				CLANG_WARN_COMMA = YES;
				CLANG_WARN_CONSTANT_CONVERSION = YES;
				CLANG_WARN_DEPRECATED_OBJC_IMPLEMENTATIONS = YES;
				CLANG_WARN_DIRECT_OBJC_ISA_USAGE = YES_ERROR;
				CLANG_WARN_DOCUMENTATION_COMMENTS = YES;
				CLANG_WARN_EMPTY_BODY = YES;
				CLANG_WARN_ENUM_CONVERSION = YES;
				CLANG_WARN_INFINITE_RECURSION = YES;
				CLANG_WARN_INT_CONVERSION = YES;
				CLANG_WARN_NON_LITERAL_NULL_CONVERSION = YES;
				CLANG_WARN_OBJC_IMPLICIT_RETAIN_SELF = YES;
				CLANG_WARN_OBJC_LITERAL_CONVERSION = YES;
				CLANG_WARN_OBJC_ROOT_CLASS = YES_ERROR;
				CLANG_WARN_QUOTED_INCLUDE_IN_FRAMEWORK_HEADER = YES;
				CLANG_WARN_RANGE_LOOP_ANALYSIS = YES;
				CLANG_WARN_STRICT_PROTOTYPES = YES;
				CLANG_WARN_SUSPICIOUS_MOVE = YES;
				CLANG_WARN_UNGUARDED_AVAILABILITY = YES_AGGRESSIVE;
				CLANG_WARN_UNREACHABLE_CODE = YES;
				CLANG_WARN__DUPLICATE_METHOD_MATCH = YES;
				COPY_PHASE_STRIP = NO;
				DEBUG_INFORMATION_FORMAT = "dwarf-with-dsym";
				ENABLE_NS_ASSERTIONS = NO;
				ENABLE_STRICT_OBJC_MSGSEND = YES;
				GCC_C_LANGUAGE_STANDARD = gnu11;
				GCC_NO_COMMON_BLOCKS = YES;
				GCC_WARN_64_TO_32_BIT_CONVERSION = YES;
				GCC_WARN_ABOUT_RETURN_TYPE = YES_ERROR;
				GCC_WARN_UNDECLARED_SELECTOR = YES;
				GCC_WARN_UNINITIALIZED_AUTOS = YES_AGGRESSIVE;
				GCC_WARN_UNUSED_FUNCTION = YES;
				GCC_WARN_UNUSED_VARIABLE = YES;
				IPHONEOS_DEPLOYMENT_TARGET = 14.4;
				MTL_ENABLE_DEBUG_INFO = NO;
				MTL_FAST_MATH = YES;
				SDKROOT = iphoneos;
				SWIFT_COMPILATION_MODE = wholemodule;
				SWIFT_OPTIMIZATION_LEVEL = "-O";
				VALIDATE_PRODUCT = YES;
			};
			name = Release;
		};
		EFBDE9EF26C3C54700EA9EF4 /* Debug */ = {
			isa = XCBuildConfiguration;
			buildSettings = {
				ASSETCATALOG_COMPILER_APPICON_NAME = AppIcon;
				ASSETCATALOG_COMPILER_GLOBAL_ACCENT_COLOR_NAME = AccentColor;
				CODE_SIGN_STYLE = Automatic;
				DEVELOPMENT_ASSET_PATHS = "\"H4XOR News/Preview Content\"";
				ENABLE_PREVIEWS = YES;
				INFOPLIST_FILE = "H4XOR News/Info.plist";
				LD_RUNPATH_SEARCH_PATHS = (
					"$(inherited)",
					"@executable_path/Frameworks",
				);
				PRODUCT_BUNDLE_IDENTIFIER = "com.AbayevTamirlan.H4XOR-News";
				PRODUCT_NAME = "$(TARGET_NAME)";
				SWIFT_VERSION = 5.0;
				TARGETED_DEVICE_FAMILY = "1,2";
			};
			name = Debug;
		};
		EFBDE9F026C3C54700EA9EF4 /* Release */ = {
			isa = XCBuildConfiguration;
			buildSettings = {
				ASSETCATALOG_COMPILER_APPICON_NAME = AppIcon;
				ASSETCATALOG_COMPILER_GLOBAL_ACCENT_COLOR_NAME = AccentColor;
				CODE_SIGN_STYLE = Automatic;
				DEVELOPMENT_ASSET_PATHS = "\"H4XOR News/Preview Content\"";
				ENABLE_PREVIEWS = YES;
				INFOPLIST_FILE = "H4XOR News/Info.plist";
				LD_RUNPATH_SEARCH_PATHS = (
					"$(inherited)",
					"@executable_path/Frameworks",
				);
				PRODUCT_BUNDLE_IDENTIFIER = "com.AbayevTamirlan.H4XOR-News";
				PRODUCT_NAME = "$(TARGET_NAME)";
				SWIFT_VERSION = 5.0;
				TARGETED_DEVICE_FAMILY = "1,2";
			};
			name = Release;
		};
/* End XCBuildConfiguration section */

/* Begin XCConfigurationList section */
		EFBDE9D526C3C54600EA9EF4 /* Build configuration list for PBXProject "H4XOR News" */ = {
			isa = XCConfigurationList;
			buildConfigurations = (
				EFBDE9EC26C3C54700EA9EF4 /* Debug */,
				EFBDE9ED26C3C54700EA9EF4 /* Release */,
			);
			defaultConfigurationIsVisible = 0;
			defaultConfigurationName = Release;
		};
		EFBDE9EE26C3C54700EA9EF4 /* Build configuration list for PBXNativeTarget "H4XOR News" */ = {
			isa = XCConfigurationList;
			buildConfigurations = (
				EFBDE9EF26C3C54700EA9EF4 /* Debug */,
				EFBDE9F026C3C54700EA9EF4 /* Release */,
			);
			defaultConfigurationIsVisible = 0;
			defaultConfigurationName = Release;
		};
/* End XCConfigurationList section */
	};
	rootObject = EFBDE9D226C3C54600EA9EF4 /* Project object */;
}
